<?xml version="1.0" encoding="utf-8"?>
<Project ToolsVersion="4.0" xmlns="http://schemas.microsoft.com/developer/msbuild/2003">
  <ItemGroup>
    <Filter Include="include">
      <UniqueIdentifier>{89AF369E-F58E-B539-FEA6-40106A051C9B}</UniqueIdentifier>
    </Filter>
    <Filter Include="include\Coffee">
      <UniqueIdentifier>{E0D283FB-CCA0-7701-B534-E827A1A15366}</UniqueIdentifier>
    </Filter>
    <Filter Include="include\Coffee\Events">
      <UniqueIdentifier>{C482D30F-30EF-8E0A-F9E2-2668650EB172}</UniqueIdentifier>
    </Filter>
    <Filter Include="include\Coffee\Imgui">
      <UniqueIdentifier>{2A789765-1607-212F-BF25-352AAB9331D5}</UniqueIdentifier>
    </Filter>
    <Filter Include="include\Platform">
      <UniqueIdentifier>{FD7581F9-E96E-A04B-12A1-85D0FEF87F57}</UniqueIdentifier>
    </Filter>
    <Filter Include="include\Platform\Windows">
      <UniqueIdentifier>{37CD2F6F-23F2-7EEF-4C3D-647F38C17D0D}</UniqueIdentifier>
    </Filter>
    <Filter Include="src">
      <UniqueIdentifier>{2DAB880B-99B4-887C-2230-9F7C8E38947C}</UniqueIdentifier>
    </Filter>
    <Filter Include="src\Coffee">
      <UniqueIdentifier>{04CE9909-F085-DB56-598D-B4B245647647}</UniqueIdentifier>
    </Filter>
    <Filter Include="src\Coffee\Events">
      <UniqueIdentifier>{680D4399-D423-412F-1D9B-CC5089F011B7}</UniqueIdentifier>
    </Filter>
    <Filter Include="src\Coffee\Imgui">
      <UniqueIdentifier>{4E3E2E1C-3A37-4D6E-6369-32F34FC12C7A}</UniqueIdentifier>
    </Filter>
    <Filter Include="src\Platform">
      <UniqueIdentifier>{21CA02E5-0D2D-9289-B6B2-CA3FA2F45D0C}</UniqueIdentifier>
    </Filter>
    <Filter Include="src\Platform\Windows">
      <UniqueIdentifier>{5B054582-4794-CE4B-F0B2-E246DC20DFF1}</UniqueIdentifier>
    </Filter>
  </ItemGroup>
  <ItemGroup>
    <ClInclude Include="include\Coffee.h">
      <Filter>include</Filter>
    </ClInclude>
    <ClInclude Include="include\Coffee\Application.h">
      <Filter>include\Coffee</Filter>
    </ClInclude>
    <ClInclude Include="include\Coffee\Core.h">
      <Filter>include\Coffee</Filter>
    </ClInclude>
    <ClInclude Include="include\Coffee\EntryPoint.h">
      <Filter>include\Coffee</Filter>
    </ClInclude>
    <ClInclude Include="include\Coffee\Events\AppEvents.h">
      <Filter>include\Coffee\Events</Filter>
    </ClInclude>
    <ClInclude Include="include\Coffee\Events\Event.h">
      <Filter>include\Coffee\Events</Filter>
    </ClInclude>
    <ClInclude Include="include\Coffee\Events\KeyEvents.h">
      <Filter>include\Coffee\Events</Filter>
    </ClInclude>
    <ClInclude Include="include\Coffee\Events\MouseEvents.h">
      <Filter>include\Coffee\Events</Filter>
    </ClInclude>
    <ClInclude Include="include\Coffee\Imgui\ImguiLayer.h">
      <Filter>include\Coffee\Imgui</Filter>
    </ClInclude>
    <ClInclude Include="include\Coffee\Input.h">
      <Filter>include\Coffee</Filter>
    </ClInclude>
    <ClInclude Include="include\Coffee\KeyCodes.h">
      <Filter>include\Coffee</Filter>
    </ClInclude>
    <ClInclude Include="include\Coffee\Layer.h">
      <Filter>include\Coffee</Filter>
    </ClInclude>
    <ClInclude Include="include\Coffee\Logging.h">
      <Filter>include\Coffee</Filter>
    </ClInclude>
    <ClInclude Include="include\Coffee\MouseButtonCodes.h">
      <Filter>include\Coffee</Filter>
    </ClInclude>
    <ClInclude Include="include\Coffee\Window.h">
      <Filter>include\Coffee</Filter>
    </ClInclude>
    <ClInclude Include="include\CoffeePCH.h">
      <Filter>include</Filter>
    </ClInclude>
    <ClInclude Include="include\Platform\Windows\WindowsInput.h">
      <Filter>include\Platform\Windows</Filter>
    </ClInclude>
    <ClInclude Include="include\Platform\Windows\WindowsWindow.h">
      <Filter>include\Platform\Windows</Filter>
    </ClInclude>
  </ItemGroup>
  <ItemGroup>
    <ClCompile Include="src\Coffee\Application.cpp">
      <Filter>src\Coffee</Filter>
    </ClCompile>
    <ClCompile Include="src\Coffee\Events\AppEvents.cpp">
      <Filter>src\Coffee\Events</Filter>
    </ClCompile>
    <ClCompile Include="src\Coffee\Events\Event.cpp">
      <Filter>src\Coffee\Events</Filter>
    </ClCompile>
    <ClCompile Include="src\Coffee\Events\KeyEvents.cpp">
      <Filter>src\Coffee\Events</Filter>
    </ClCompile>
    <ClCompile Include="src\Coffee\Events\MouseEvents.cpp">
      <Filter>src\Coffee\Events</Filter>
    </ClCompile>
    <ClCompile Include="src\Coffee\Imgui\ImguiBuild.cpp">
      <Filter>src\Coffee\Imgui</Filter>
    </ClCompile>
    <ClCompile Include="src\Coffee\Imgui\ImguiLayer.cpp">
      <Filter>src\Coffee\Imgui</Filter>
    </ClCompile>
    <ClCompile Include="src\Coffee\Layer.cpp">
      <Filter>src\Coffee</Filter>
    </ClCompile>
    <ClCompile Include="src\Coffee\Logging.cpp">
      <Filter>src\Coffee</Filter>
    </ClCompile>
    <ClCompile Include="src\CoffeePCH.cpp">
      <Filter>src</Filter>
    </ClCompile>
    <ClCompile Include="src\Platform\Windows\WindowsInput.cpp">
      <Filter>src\Platform\Windows</Filter>
    </ClCompile>
    <ClCompile Include="src\Platform\Windows\WindowsWindow.cpp">
      <Filter>src\Platform\Windows</Filter>
    </ClCompile>
  </ItemGroup>
</Project>